
Microsoft Visual Studio Solution File, Format Version 12.00
# Visual Studio Version 16
VisualStudioVersion = 16.0.29123.88
MinimumVisualStudioVersion = 10.0.40219.1
Project("{FAE04EC0-301F-11D3-BF4B-00C04F79EFBC}") = "CapaVistaPa2", "CapaVistaPa2\CapaVistaPa2.csproj", "{208AA67D-C57F-48B0-AC66-DA9BC06C66F6}"
EndProject
Project("{FAE04EC0-301F-11D3-BF4B-00C04F79EFBC}") = "CapaModeloPa2", "CapaModeloPa2\CapaModeloPa2.csproj", "{3374D5F0-2105-431D-BBC8-5318D7705249}"
EndProject
Project("{FAE04EC0-301F-11D3-BF4B-00C04F79EFBC}") = "CapaControladorPa2", "CapaControladorPa2\CapaControladorPa2.csproj", "{1188C2FB-5A70-4285-B6B2-2D181695E42E}"
EndProject
Global
	GlobalSection(SolutionConfigurationPlatforms) = preSolution
		Debug|Any CPU = Debug|Any CPU
		Release|Any CPU = Release|Any CPU
	EndGlobalSection
	GlobalSection(ProjectConfigurationPlatforms) = postSolution
		{208AA67D-C57F-48B0-AC66-DA9BC06C66F6}.Debug|Any CPU.ActiveCfg = Debug|Any CPU
		{208AA67D-C57F-48B0-AC66-DA9BC06C66F6}.Debug|Any CPU.Build.0 = Debug|Any CPU
		{208AA67D-C57F-48B0-AC66-DA9BC06C66F6}.Release|Any CPU.ActiveCfg = Release|Any CPU
		{208AA67D-C57F-48B0-AC66-DA9BC06C66F6}.Release|Any CPU.Build.0 = Release|Any CPU
		{3374D5F0-2105-431D-BBC8-5318D7705249}.Debug|Any CPU.ActiveCfg = Debug|Any CPU
		{3374D5F0-2105-431D-BBC8-5318D7705249}.Debug|Any CPU.Build.0 = Debug|Any CPU
		{3374D5F0-2105-431D-BBC8-5318D7705249}.Release|Any CPU.ActiveCfg = Release|Any CPU
		{3374D5F0-2105-431D-BBC8-5318D7705249}.Release|Any CPU.Build.0 = Release|Any CPU
		{1188C2FB-5A70-4285-B6B2-2D181695E42E}.Debug|Any CPU.ActiveCfg = Debug|Any CPU
		{1188C2FB-5A70-4285-B6B2-2D181695E42E}.Debug|Any CPU.Build.0 = Debug|Any CPU
		{1188C2FB-5A70-4285-B6B2-2D181695E42E}.Release|Any CPU.ActiveCfg = Release|Any CPU
		{1188C2FB-5A70-4285-B6B2-2D181695E42E}.Release|Any CPU.Build.0 = Release|Any CPU
	EndGlobalSection
	GlobalSection(SolutionProperties) = preSolution
		HideSolutionNode = FALSE
	EndGlobalSection
	GlobalSection(ExtensibilityGlobals) = postSolution
		SolutionGuid = {A4F9DCC9-AB85-4175-A1E8-A8A59E8F3558}
	EndGlobalSection
EndGlobal
